
Microsoft Visual Studio Solution File, Format Version 12.00
# Visual Studio 14
VisualStudioVersion = 14.0.25420.1
MinimumVisualStudioVersion = 10.0.40219.1
Project("{FAE04EC0-301F-11D3-BF4B-00C04F79EFBC}") = "DSECommon", "DSECommon.csproj", "{F5417BA0-BB78-4130-A863-F9C1F4956841}"
EndProject
Project("{FAE04EC0-301F-11D3-BF4B-00C04F79EFBC}") = "ConsoleTest", "ConsoleTest\ConsoleTest.csproj", "{7253AC8C-9611-4ADE-9B62-A1E963627282}"
EndProject
Global
	GlobalSection(SolutionConfigurationPlatforms) = preSolution
		Debug|Any CPU = Debug|Any CPU
		Release|Any CPU = Release|Any CPU
	EndGlobalSection
	GlobalSection(ProjectConfigurationPlatforms) = postSolution
		{F5417BA0-BB78-4130-A863-F9C1F4956841}.Debug|Any CPU.ActiveCfg = Debug|Any CPU
		{F5417BA0-BB78-4130-A863-F9C1F4956841}.Debug|Any CPU.Build.0 = Debug|Any CPU
		{F5417BA0-BB78-4130-A863-F9C1F4956841}.Release|Any CPU.ActiveCfg = Release|Any CPU
		{F5417BA0-BB78-4130-A863-F9C1F4956841}.Release|Any CPU.Build.0 = Release|Any CPU
		{7253AC8C-9611-4ADE-9B62-A1E963627282}.Debug|Any CPU.ActiveCfg = Debug|Any CPU
		{7253AC8C-9611-4ADE-9B62-A1E963627282}.Debug|Any CPU.Build.0 = Debug|Any CPU
		{7253AC8C-9611-4ADE-9B62-A1E963627282}.Release|Any CPU.ActiveCfg = Release|Any CPU
		{7253AC8C-9611-4ADE-9B62-A1E963627282}.Release|Any CPU.Build.0 = Release|Any CPU
	EndGlobalSection
	GlobalSection(SolutionProperties) = preSolution
		HideSolutionNode = FALSE
	EndGlobalSection
EndGlobal
