
Microsoft Visual Studio Solution File, Format Version 12.00
# Visual Studio 14
VisualStudioVersion = 14.0.25420.1
MinimumVisualStudioVersion = 10.0.40219.1
Project("{FAE04EC0-301F-11D3-BF4B-00C04F79EFBC}") = "Capture", "Capture.csproj", "{B3B7D5B3-A7A8-4A92-AC20-3DB48408D4CF}"
EndProject
Project("{FAE04EC0-301F-11D3-BF4B-00C04F79EFBC}") = "DSECommon", "..\DSECommon\DSECommon.csproj", "{F5417BA0-BB78-4130-A863-F9C1F4956841}"
EndProject
Global
	GlobalSection(SolutionConfigurationPlatforms) = preSolution
		Debug|Any CPU = Debug|Any CPU
		Debug64|Any CPU = Debug64|Any CPU
		Release|Any CPU = Release|Any CPU
	EndGlobalSection
	GlobalSection(ProjectConfigurationPlatforms) = postSolution
		{B3B7D5B3-A7A8-4A92-AC20-3DB48408D4CF}.Debug|Any CPU.ActiveCfg = Debug64|Any CPU
		{B3B7D5B3-A7A8-4A92-AC20-3DB48408D4CF}.Debug|Any CPU.Build.0 = Debug64|Any CPU
		{B3B7D5B3-A7A8-4A92-AC20-3DB48408D4CF}.Debug64|Any CPU.ActiveCfg = Debug64|Any CPU
		{B3B7D5B3-A7A8-4A92-AC20-3DB48408D4CF}.Debug64|Any CPU.Build.0 = Debug64|Any CPU
		{B3B7D5B3-A7A8-4A92-AC20-3DB48408D4CF}.Release|Any CPU.ActiveCfg = Release|Any CPU
		{B3B7D5B3-A7A8-4A92-AC20-3DB48408D4CF}.Release|Any CPU.Build.0 = Release|Any CPU
		{F5417BA0-BB78-4130-A863-F9C1F4956841}.Debug|Any CPU.ActiveCfg = Debug|Any CPU
		{F5417BA0-BB78-4130-A863-F9C1F4956841}.Debug|Any CPU.Build.0 = Debug|Any CPU
		{F5417BA0-BB78-4130-A863-F9C1F4956841}.Debug64|Any CPU.ActiveCfg = Debug|Any CPU
		{F5417BA0-BB78-4130-A863-F9C1F4956841}.Debug64|Any CPU.Build.0 = Debug|Any CPU
		{F5417BA0-BB78-4130-A863-F9C1F4956841}.Release|Any CPU.ActiveCfg = Release|Any CPU
		{F5417BA0-BB78-4130-A863-F9C1F4956841}.Release|Any CPU.Build.0 = Release|Any CPU
	EndGlobalSection
	GlobalSection(SolutionProperties) = preSolution
		HideSolutionNode = FALSE
	EndGlobalSection
EndGlobal
