
Microsoft Visual Studio Solution File, Format Version 12.00
# Visual Studio Version 17
VisualStudioVersion = 17.9.34728.123
MinimumVisualStudioVersion = 10.0.40219.1
Project("{FAE04EC0-301F-11D3-BF4B-00C04F79EFBC}") = "DSECommon", "DSECommon\DSECommon.csproj", "{B5A7EDB7-DBE4-40ED-91C8-14182779B7AE}"
EndProject
Project("{FAE04EC0-301F-11D3-BF4B-00C04F79EFBC}") = "Cluster", "Cluster\Cluster.csproj", "{B2B7712E-A25D-4DA1-9DE7-9B5144696000}"
EndProject
Project("{FAE04EC0-301F-11D3-BF4B-00C04F79EFBC}") = "MOO", "MOO\MOO.csproj", "{A1B73D41-129B-49D8-B9DC-39685AD0991E}"
EndProject
Project("{FAE04EC0-301F-11D3-BF4B-00C04F79EFBC}") = "Reader", "Reader\Reader.csproj", "{531E20D2-4713-4879-B16F-A5B1E745D23E}"
EndProject
Project("{FAE04EC0-301F-11D3-BF4B-00C04F79EFBC}") = "Sampler", "Sampler\Sampler.csproj", "{7F1A6A0F-FABD-4340-83FC-D330A972AE10}"
	ProjectSection(ProjectDependencies) = postProject
		{B5A7EDB7-DBE4-40ED-91C8-14182779B7AE} = {B5A7EDB7-DBE4-40ED-91C8-14182779B7AE}
	EndProjectSection
EndProject
Project("{FAE04EC0-301F-11D3-BF4B-00C04F79EFBC}") = "Writer", "Writer\Writer.csproj", "{91EAD66C-FCFE-4F66-B95D-3A9ED9C4A074}"
EndProject
Project("{FAE04EC0-301F-11D3-BF4B-00C04F79EFBC}") = "DSECommonTest", "DSECommon\ConsoleTest\DSECommonTest.csproj", "{7253AC8C-9611-4ADE-9B62-A1E963627282}"
EndProject
Project("{FAE04EC0-301F-11D3-BF4B-00C04F79EFBC}") = "Capture", "Capture\Capture.csproj", "{85EF32D2-CECF-47E8-B954-0165670686B6}"
EndProject
Project("{FAE04EC0-301F-11D3-BF4B-00C04F79EFBC}") = "Sift", "Sift\Sift.csproj", "{86EB5801-99E9-4668-AA52-86366AA632B1}"
	ProjectSection(ProjectDependencies) = postProject
		{B5A7EDB7-DBE4-40ED-91C8-14182779B7AE} = {B5A7EDB7-DBE4-40ED-91C8-14182779B7AE}
	EndProjectSection
EndProject
Project("{FAE04EC0-301F-11D3-BF4B-00C04F79EFBC}") = "Effects", "Effects\Effects.csproj", "{D18B6E0E-D22A-4A10-90E0-4DDEC4F740A2}"
EndProject
Project("{FAE04EC0-301F-11D3-BF4B-00C04F79EFBC}") = "Diversity", "Diversity\Diversity.csproj", "{EFAA8161-69E4-4E91-8C15-591750E8D75D}"
EndProject
Project("{FAE04EC0-301F-11D3-BF4B-00C04F79EFBC}") = "Gradient_MOO", "Gradient_MOO\Gradient_MOO.csproj", "{7727F6C5-C95A-4C27-8E66-5EE33FA1D333}"
EndProject
Project("{FAE04EC0-301F-11D3-BF4B-00C04F79EFBC}") = "Contort", "Contort\Contort.csproj", "{67D1CDE4-E62F-40B6-8668-99A0A9A31821}"
	ProjectSection(ProjectDependencies) = postProject
		{B5A7EDB7-DBE4-40ED-91C8-14182779B7AE} = {B5A7EDB7-DBE4-40ED-91C8-14182779B7AE}
	EndProjectSection
EndProject
Project("{FAE04EC0-301F-11D3-BF4B-00C04F79EFBC}") = "NetDxf", "netDxf\netDxf\NetDxf.csproj", "{785380E0-CEB9-4C34-82E5-60D0E33E848E}"
EndProject
Project("{FAE04EC0-301F-11D3-BF4B-00C04F79EFBC}") = "Tilde", "Tilde\Tilde.csproj", "{99493741-F3E3-452E-9626-9192440E80E0}"
EndProject
Project("{FAE04EC0-301F-11D3-BF4B-00C04F79EFBC}") = "StructureEngineCS", "StructureEngineCS\StructureEngineCS\StructureEngineCS.csproj", "{3CBC6918-9CD5-4CE9-821F-2B912E26DCC4}"
EndProject
Project("{FAE04EC0-301F-11D3-BF4B-00C04F79EFBC}") = "JMetalRunners", "JMetalCSharp.V05\JMetalRunners\JMetalRunners.csproj", "{A744DD16-A7BB-45B9-B53D-365AEA33D1F4}"
EndProject
Project("{FAE04EC0-301F-11D3-BF4B-00C04F79EFBC}") = "JMetalCSharp", "JMetalCSharp.V05\JMetalCSharp\JMetalCSharp.csproj", "{88B27C90-4C97-43D5-99D2-E1437DA8D154}"
EndProject
Project("{FAE04EC0-301F-11D3-BF4B-00C04F79EFBC}") = "StructureEngineCS_StormCloud", "StructureEngineCS_StormCloud\StructureEngineCS_StormCloud.csproj", "{AA4D9383-FC04-4C03-BB4C-6B780B5E7C2B}"
EndProject
Project("{FAE04EC0-301F-11D3-BF4B-00C04F79EFBC}") = "Radical", "Radical\Radical.csproj", "{43D31D02-96E7-41F0-8D60-2E0B2F9A6BC9}"
EndProject
Project("{FAE04EC0-301F-11D3-BF4B-00C04F79EFBC}") = "DSOpt", "DSOpt\DSOpt.csproj", "{49C872E5-59BF-4A41-9565-944BCD1DAA67}"
EndProject
Project("{FAE04EC0-301F-11D3-BF4B-00C04F79EFBC}") = "DesignLogger", "DesignLogger\DesignLogger.csproj", "{309A4483-F080-4C94-BBBA-4C6BACA5ADA7}"
EndProject
Project("{FAE04EC0-301F-11D3-BF4B-00C04F79EFBC}") = "Stepper", "StepperAux\Stepper.csproj", "{4A3A6AC5-1A5C-4A10-92A4-21CEFC5A7416}"
EndProject
Global
	GlobalSection(SolutionConfigurationPlatforms) = preSolution
		Debug|Any CPU = Debug|Any CPU
		Debug|x86 = Debug|x86
		Debug32|Any CPU = Debug32|Any CPU
		Debug32|x86 = Debug32|x86
		Debug64|Any CPU = Debug64|Any CPU
		Debug64|x86 = Debug64|x86
		Release|Any CPU = Release|Any CPU
		Release|x86 = Release|x86
	EndGlobalSection
	GlobalSection(ProjectConfigurationPlatforms) = postSolution
		{B5A7EDB7-DBE4-40ED-91C8-14182779B7AE}.Debug|Any CPU.ActiveCfg = Debug|Any CPU
		{B5A7EDB7-DBE4-40ED-91C8-14182779B7AE}.Debug|Any CPU.Build.0 = Debug|Any CPU
		{B5A7EDB7-DBE4-40ED-91C8-14182779B7AE}.Debug|x86.ActiveCfg = Debug|Any CPU
		{B5A7EDB7-DBE4-40ED-91C8-14182779B7AE}.Debug|x86.Build.0 = Debug|Any CPU
		{B5A7EDB7-DBE4-40ED-91C8-14182779B7AE}.Debug32|Any CPU.ActiveCfg = Debug|Any CPU
		{B5A7EDB7-DBE4-40ED-91C8-14182779B7AE}.Debug32|Any CPU.Build.0 = Debug|Any CPU
		{B5A7EDB7-DBE4-40ED-91C8-14182779B7AE}.Debug32|x86.ActiveCfg = Debug|Any CPU
		{B5A7EDB7-DBE4-40ED-91C8-14182779B7AE}.Debug32|x86.Build.0 = Debug|Any CPU
		{B5A7EDB7-DBE4-40ED-91C8-14182779B7AE}.Debug64|Any CPU.ActiveCfg = Debug|Any CPU
		{B5A7EDB7-DBE4-40ED-91C8-14182779B7AE}.Debug64|Any CPU.Build.0 = Debug|Any CPU
		{B5A7EDB7-DBE4-40ED-91C8-14182779B7AE}.Debug64|x86.ActiveCfg = Debug|Any CPU
		{B5A7EDB7-DBE4-40ED-91C8-14182779B7AE}.Debug64|x86.Build.0 = Debug|Any CPU
		{B5A7EDB7-DBE4-40ED-91C8-14182779B7AE}.Release|Any CPU.ActiveCfg = Release|Any CPU
		{B5A7EDB7-DBE4-40ED-91C8-14182779B7AE}.Release|Any CPU.Build.0 = Release|Any CPU
		{B5A7EDB7-DBE4-40ED-91C8-14182779B7AE}.Release|x86.ActiveCfg = Release|Any CPU
		{B5A7EDB7-DBE4-40ED-91C8-14182779B7AE}.Release|x86.Build.0 = Release|Any CPU
		{B2B7712E-A25D-4DA1-9DE7-9B5144696000}.Debug|Any CPU.ActiveCfg = Debug|Any CPU
		{B2B7712E-A25D-4DA1-9DE7-9B5144696000}.Debug|Any CPU.Build.0 = Debug|Any CPU
		{B2B7712E-A25D-4DA1-9DE7-9B5144696000}.Debug|x86.ActiveCfg = Debug|Any CPU
		{B2B7712E-A25D-4DA1-9DE7-9B5144696000}.Debug|x86.Build.0 = Debug|Any CPU
		{B2B7712E-A25D-4DA1-9DE7-9B5144696000}.Debug32|Any CPU.ActiveCfg = Debug|Any CPU
		{B2B7712E-A25D-4DA1-9DE7-9B5144696000}.Debug32|Any CPU.Build.0 = Debug|Any CPU
		{B2B7712E-A25D-4DA1-9DE7-9B5144696000}.Debug32|x86.ActiveCfg = Debug|Any CPU
		{B2B7712E-A25D-4DA1-9DE7-9B5144696000}.Debug32|x86.Build.0 = Debug|Any CPU
		{B2B7712E-A25D-4DA1-9DE7-9B5144696000}.Debug64|Any CPU.ActiveCfg = Debug|Any CPU
		{B2B7712E-A25D-4DA1-9DE7-9B5144696000}.Debug64|Any CPU.Build.0 = Debug|Any CPU
		{B2B7712E-A25D-4DA1-9DE7-9B5144696000}.Debug64|x86.ActiveCfg = Debug|Any CPU
		{B2B7712E-A25D-4DA1-9DE7-9B5144696000}.Debug64|x86.Build.0 = Debug|Any CPU
		{B2B7712E-A25D-4DA1-9DE7-9B5144696000}.Release|Any CPU.ActiveCfg = Release|Any CPU
		{B2B7712E-A25D-4DA1-9DE7-9B5144696000}.Release|Any CPU.Build.0 = Release|Any CPU
		{B2B7712E-A25D-4DA1-9DE7-9B5144696000}.Release|x86.ActiveCfg = Release|Any CPU
		{B2B7712E-A25D-4DA1-9DE7-9B5144696000}.Release|x86.Build.0 = Release|Any CPU
		{A1B73D41-129B-49D8-B9DC-39685AD0991E}.Debug|Any CPU.ActiveCfg = Debug|Any CPU
		{A1B73D41-129B-49D8-B9DC-39685AD0991E}.Debug|Any CPU.Build.0 = Debug|Any CPU
		{A1B73D41-129B-49D8-B9DC-39685AD0991E}.Debug|x86.ActiveCfg = Debug|Any CPU
		{A1B73D41-129B-49D8-B9DC-39685AD0991E}.Debug|x86.Build.0 = Debug|Any CPU
		{A1B73D41-129B-49D8-B9DC-39685AD0991E}.Debug32|Any CPU.ActiveCfg = Debug|Any CPU
		{A1B73D41-129B-49D8-B9DC-39685AD0991E}.Debug32|Any CPU.Build.0 = Debug|Any CPU
		{A1B73D41-129B-49D8-B9DC-39685AD0991E}.Debug32|x86.ActiveCfg = Debug|Any CPU
		{A1B73D41-129B-49D8-B9DC-39685AD0991E}.Debug32|x86.Build.0 = Debug|Any CPU
		{A1B73D41-129B-49D8-B9DC-39685AD0991E}.Debug64|Any CPU.ActiveCfg = Debug|Any CPU
		{A1B73D41-129B-49D8-B9DC-39685AD0991E}.Debug64|Any CPU.Build.0 = Debug|Any CPU
		{A1B73D41-129B-49D8-B9DC-39685AD0991E}.Debug64|x86.ActiveCfg = Debug|Any CPU
		{A1B73D41-129B-49D8-B9DC-39685AD0991E}.Debug64|x86.Build.0 = Debug|Any CPU
		{A1B73D41-129B-49D8-B9DC-39685AD0991E}.Release|Any CPU.ActiveCfg = Release|Any CPU
		{A1B73D41-129B-49D8-B9DC-39685AD0991E}.Release|Any CPU.Build.0 = Release|Any CPU
		{A1B73D41-129B-49D8-B9DC-39685AD0991E}.Release|x86.ActiveCfg = Release|Any CPU
		{A1B73D41-129B-49D8-B9DC-39685AD0991E}.Release|x86.Build.0 = Release|Any CPU
		{531E20D2-4713-4879-B16F-A5B1E745D23E}.Debug|Any CPU.ActiveCfg = Debug|Any CPU
		{531E20D2-4713-4879-B16F-A5B1E745D23E}.Debug|Any CPU.Build.0 = Debug|Any CPU
		{531E20D2-4713-4879-B16F-A5B1E745D23E}.Debug|x86.ActiveCfg = Debug|Any CPU
		{531E20D2-4713-4879-B16F-A5B1E745D23E}.Debug|x86.Build.0 = Debug|Any CPU
		{531E20D2-4713-4879-B16F-A5B1E745D23E}.Debug32|Any CPU.ActiveCfg = Debug|Any CPU
		{531E20D2-4713-4879-B16F-A5B1E745D23E}.Debug32|Any CPU.Build.0 = Debug|Any CPU
		{531E20D2-4713-4879-B16F-A5B1E745D23E}.Debug32|x86.ActiveCfg = Debug|Any CPU
		{531E20D2-4713-4879-B16F-A5B1E745D23E}.Debug32|x86.Build.0 = Debug|Any CPU
		{531E20D2-4713-4879-B16F-A5B1E745D23E}.Debug64|Any CPU.ActiveCfg = Debug|Any CPU
		{531E20D2-4713-4879-B16F-A5B1E745D23E}.Debug64|Any CPU.Build.0 = Debug|Any CPU
		{531E20D2-4713-4879-B16F-A5B1E745D23E}.Debug64|x86.ActiveCfg = Debug|Any CPU
		{531E20D2-4713-4879-B16F-A5B1E745D23E}.Debug64|x86.Build.0 = Debug|Any CPU
		{531E20D2-4713-4879-B16F-A5B1E745D23E}.Release|Any CPU.ActiveCfg = Release|Any CPU
		{531E20D2-4713-4879-B16F-A5B1E745D23E}.Release|Any CPU.Build.0 = Release|Any CPU
		{531E20D2-4713-4879-B16F-A5B1E745D23E}.Release|x86.ActiveCfg = Release|Any CPU
		{531E20D2-4713-4879-B16F-A5B1E745D23E}.Release|x86.Build.0 = Release|Any CPU
		{7F1A6A0F-FABD-4340-83FC-D330A972AE10}.Debug|Any CPU.ActiveCfg = Debug|Any CPU
		{7F1A6A0F-FABD-4340-83FC-D330A972AE10}.Debug|Any CPU.Build.0 = Debug|Any CPU
		{7F1A6A0F-FABD-4340-83FC-D330A972AE10}.Debug|x86.ActiveCfg = Debug|Any CPU
		{7F1A6A0F-FABD-4340-83FC-D330A972AE10}.Debug|x86.Build.0 = Debug|Any CPU
		{7F1A6A0F-FABD-4340-83FC-D330A972AE10}.Debug32|Any CPU.ActiveCfg = Debug|Any CPU
		{7F1A6A0F-FABD-4340-83FC-D330A972AE10}.Debug32|Any CPU.Build.0 = Debug|Any CPU
		{7F1A6A0F-FABD-4340-83FC-D330A972AE10}.Debug32|x86.ActiveCfg = Debug|Any CPU
		{7F1A6A0F-FABD-4340-83FC-D330A972AE10}.Debug32|x86.Build.0 = Debug|Any CPU
		{7F1A6A0F-FABD-4340-83FC-D330A972AE10}.Debug64|Any CPU.ActiveCfg = Debug|Any CPU
		{7F1A6A0F-FABD-4340-83FC-D330A972AE10}.Debug64|Any CPU.Build.0 = Debug|Any CPU
		{7F1A6A0F-FABD-4340-83FC-D330A972AE10}.Debug64|x86.ActiveCfg = Debug|Any CPU
		{7F1A6A0F-FABD-4340-83FC-D330A972AE10}.Debug64|x86.Build.0 = Debug|Any CPU
		{7F1A6A0F-FABD-4340-83FC-D330A972AE10}.Release|Any CPU.ActiveCfg = Release|Any CPU
		{7F1A6A0F-FABD-4340-83FC-D330A972AE10}.Release|Any CPU.Build.0 = Release|Any CPU
		{7F1A6A0F-FABD-4340-83FC-D330A972AE10}.Release|x86.ActiveCfg = Release|Any CPU
		{7F1A6A0F-FABD-4340-83FC-D330A972AE10}.Release|x86.Build.0 = Release|Any CPU
		{91EAD66C-FCFE-4F66-B95D-3A9ED9C4A074}.Debug|Any CPU.ActiveCfg = Debug|Any CPU
		{91EAD66C-FCFE-4F66-B95D-3A9ED9C4A074}.Debug|Any CPU.Build.0 = Debug|Any CPU
		{91EAD66C-FCFE-4F66-B95D-3A9ED9C4A074}.Debug|x86.ActiveCfg = Debug|Any CPU
		{91EAD66C-FCFE-4F66-B95D-3A9ED9C4A074}.Debug|x86.Build.0 = Debug|Any CPU
		{91EAD66C-FCFE-4F66-B95D-3A9ED9C4A074}.Debug32|Any CPU.ActiveCfg = Debug|Any CPU
		{91EAD66C-FCFE-4F66-B95D-3A9ED9C4A074}.Debug32|Any CPU.Build.0 = Debug|Any CPU
		{91EAD66C-FCFE-4F66-B95D-3A9ED9C4A074}.Debug32|x86.ActiveCfg = Debug|Any CPU
		{91EAD66C-FCFE-4F66-B95D-3A9ED9C4A074}.Debug32|x86.Build.0 = Debug|Any CPU
		{91EAD66C-FCFE-4F66-B95D-3A9ED9C4A074}.Debug64|Any CPU.ActiveCfg = Debug|Any CPU
		{91EAD66C-FCFE-4F66-B95D-3A9ED9C4A074}.Debug64|Any CPU.Build.0 = Debug|Any CPU
		{91EAD66C-FCFE-4F66-B95D-3A9ED9C4A074}.Debug64|x86.ActiveCfg = Debug|Any CPU
		{91EAD66C-FCFE-4F66-B95D-3A9ED9C4A074}.Debug64|x86.Build.0 = Debug|Any CPU
		{91EAD66C-FCFE-4F66-B95D-3A9ED9C4A074}.Release|Any CPU.ActiveCfg = Release|Any CPU
		{91EAD66C-FCFE-4F66-B95D-3A9ED9C4A074}.Release|Any CPU.Build.0 = Release|Any CPU
		{91EAD66C-FCFE-4F66-B95D-3A9ED9C4A074}.Release|x86.ActiveCfg = Release|Any CPU
		{91EAD66C-FCFE-4F66-B95D-3A9ED9C4A074}.Release|x86.Build.0 = Release|Any CPU
		{7253AC8C-9611-4ADE-9B62-A1E963627282}.Debug|Any CPU.ActiveCfg = Debug|Any CPU
		{7253AC8C-9611-4ADE-9B62-A1E963627282}.Debug|Any CPU.Build.0 = Debug|Any CPU
		{7253AC8C-9611-4ADE-9B62-A1E963627282}.Debug|x86.ActiveCfg = Debug|Any CPU
		{7253AC8C-9611-4ADE-9B62-A1E963627282}.Debug|x86.Build.0 = Debug|Any CPU
		{7253AC8C-9611-4ADE-9B62-A1E963627282}.Debug32|Any CPU.ActiveCfg = Debug|Any CPU
		{7253AC8C-9611-4ADE-9B62-A1E963627282}.Debug32|Any CPU.Build.0 = Debug|Any CPU
		{7253AC8C-9611-4ADE-9B62-A1E963627282}.Debug32|x86.ActiveCfg = Debug|Any CPU
		{7253AC8C-9611-4ADE-9B62-A1E963627282}.Debug32|x86.Build.0 = Debug|Any CPU
		{7253AC8C-9611-4ADE-9B62-A1E963627282}.Debug64|Any CPU.ActiveCfg = Debug|Any CPU
		{7253AC8C-9611-4ADE-9B62-A1E963627282}.Debug64|Any CPU.Build.0 = Debug|Any CPU
		{7253AC8C-9611-4ADE-9B62-A1E963627282}.Debug64|x86.ActiveCfg = Debug|Any CPU
		{7253AC8C-9611-4ADE-9B62-A1E963627282}.Debug64|x86.Build.0 = Debug|Any CPU
		{7253AC8C-9611-4ADE-9B62-A1E963627282}.Release|Any CPU.ActiveCfg = Release|Any CPU
		{7253AC8C-9611-4ADE-9B62-A1E963627282}.Release|Any CPU.Build.0 = Release|Any CPU
		{7253AC8C-9611-4ADE-9B62-A1E963627282}.Release|x86.ActiveCfg = Release|Any CPU
		{7253AC8C-9611-4ADE-9B62-A1E963627282}.Release|x86.Build.0 = Release|Any CPU
		{85EF32D2-CECF-47E8-B954-0165670686B6}.Debug|Any CPU.ActiveCfg = Debug|Any CPU
		{85EF32D2-CECF-47E8-B954-0165670686B6}.Debug|Any CPU.Build.0 = Debug|Any CPU
		{85EF32D2-CECF-47E8-B954-0165670686B6}.Debug|x86.ActiveCfg = Debug|Any CPU
		{85EF32D2-CECF-47E8-B954-0165670686B6}.Debug|x86.Build.0 = Debug|Any CPU
		{85EF32D2-CECF-47E8-B954-0165670686B6}.Debug32|Any CPU.ActiveCfg = Debug|Any CPU
		{85EF32D2-CECF-47E8-B954-0165670686B6}.Debug32|Any CPU.Build.0 = Debug|Any CPU
		{85EF32D2-CECF-47E8-B954-0165670686B6}.Debug32|x86.ActiveCfg = Debug|Any CPU
		{85EF32D2-CECF-47E8-B954-0165670686B6}.Debug32|x86.Build.0 = Debug|Any CPU
		{85EF32D2-CECF-47E8-B954-0165670686B6}.Debug64|Any CPU.ActiveCfg = Debug|Any CPU
		{85EF32D2-CECF-47E8-B954-0165670686B6}.Debug64|Any CPU.Build.0 = Debug|Any CPU
		{85EF32D2-CECF-47E8-B954-0165670686B6}.Debug64|x86.ActiveCfg = Debug|Any CPU
		{85EF32D2-CECF-47E8-B954-0165670686B6}.Debug64|x86.Build.0 = Debug|Any CPU
		{85EF32D2-CECF-47E8-B954-0165670686B6}.Release|Any CPU.ActiveCfg = Release|Any CPU
		{85EF32D2-CECF-47E8-B954-0165670686B6}.Release|Any CPU.Build.0 = Release|Any CPU
		{85EF32D2-CECF-47E8-B954-0165670686B6}.Release|x86.ActiveCfg = Release|Any CPU
		{85EF32D2-CECF-47E8-B954-0165670686B6}.Release|x86.Build.0 = Release|Any CPU
		{86EB5801-99E9-4668-AA52-86366AA632B1}.Debug|Any CPU.ActiveCfg = Debug64|Any CPU
		{86EB5801-99E9-4668-AA52-86366AA632B1}.Debug|Any CPU.Build.0 = Debug64|Any CPU
		{86EB5801-99E9-4668-AA52-86366AA632B1}.Debug|x86.ActiveCfg = Debug32|Any CPU
		{86EB5801-99E9-4668-AA52-86366AA632B1}.Debug|x86.Build.0 = Debug32|Any CPU
		{86EB5801-99E9-4668-AA52-86366AA632B1}.Debug32|Any CPU.ActiveCfg = Debug32|Any CPU
		{86EB5801-99E9-4668-AA52-86366AA632B1}.Debug32|Any CPU.Build.0 = Debug32|Any CPU
		{86EB5801-99E9-4668-AA52-86366AA632B1}.Debug32|x86.ActiveCfg = Debug32|Any CPU
		{86EB5801-99E9-4668-AA52-86366AA632B1}.Debug32|x86.Build.0 = Debug32|Any CPU
		{86EB5801-99E9-4668-AA52-86366AA632B1}.Debug64|Any CPU.ActiveCfg = Debug64|Any CPU
		{86EB5801-99E9-4668-AA52-86366AA632B1}.Debug64|Any CPU.Build.0 = Debug64|Any CPU
		{86EB5801-99E9-4668-AA52-86366AA632B1}.Debug64|x86.ActiveCfg = Debug64|Any CPU
		{86EB5801-99E9-4668-AA52-86366AA632B1}.Debug64|x86.Build.0 = Debug64|Any CPU
		{86EB5801-99E9-4668-AA52-86366AA632B1}.Release|Any CPU.ActiveCfg = Release|Any CPU
		{86EB5801-99E9-4668-AA52-86366AA632B1}.Release|Any CPU.Build.0 = Release|Any CPU
		{86EB5801-99E9-4668-AA52-86366AA632B1}.Release|x86.ActiveCfg = Release|Any CPU
		{86EB5801-99E9-4668-AA52-86366AA632B1}.Release|x86.Build.0 = Release|Any CPU
		{D18B6E0E-D22A-4A10-90E0-4DDEC4F740A2}.Debug|Any CPU.ActiveCfg = Debug64|Any CPU
		{D18B6E0E-D22A-4A10-90E0-4DDEC4F740A2}.Debug|Any CPU.Build.0 = Debug64|Any CPU
		{D18B6E0E-D22A-4A10-90E0-4DDEC4F740A2}.Debug|x86.ActiveCfg = Debug32|Any CPU
		{D18B6E0E-D22A-4A10-90E0-4DDEC4F740A2}.Debug|x86.Build.0 = Debug32|Any CPU
		{D18B6E0E-D22A-4A10-90E0-4DDEC4F740A2}.Debug32|Any CPU.ActiveCfg = Debug32|Any CPU
		{D18B6E0E-D22A-4A10-90E0-4DDEC4F740A2}.Debug32|Any CPU.Build.0 = Debug32|Any CPU
		{D18B6E0E-D22A-4A10-90E0-4DDEC4F740A2}.Debug32|x86.ActiveCfg = Debug32|Any CPU
		{D18B6E0E-D22A-4A10-90E0-4DDEC4F740A2}.Debug32|x86.Build.0 = Debug32|Any CPU
		{D18B6E0E-D22A-4A10-90E0-4DDEC4F740A2}.Debug64|Any CPU.ActiveCfg = Debug64|Any CPU
		{D18B6E0E-D22A-4A10-90E0-4DDEC4F740A2}.Debug64|Any CPU.Build.0 = Debug64|Any CPU
		{D18B6E0E-D22A-4A10-90E0-4DDEC4F740A2}.Debug64|x86.ActiveCfg = Debug64|Any CPU
		{D18B6E0E-D22A-4A10-90E0-4DDEC4F740A2}.Debug64|x86.Build.0 = Debug64|Any CPU
		{D18B6E0E-D22A-4A10-90E0-4DDEC4F740A2}.Release|Any CPU.ActiveCfg = Release|Any CPU
		{D18B6E0E-D22A-4A10-90E0-4DDEC4F740A2}.Release|Any CPU.Build.0 = Release|Any CPU
		{D18B6E0E-D22A-4A10-90E0-4DDEC4F740A2}.Release|x86.ActiveCfg = Release|Any CPU
		{D18B6E0E-D22A-4A10-90E0-4DDEC4F740A2}.Release|x86.Build.0 = Release|Any CPU
		{EFAA8161-69E4-4E91-8C15-591750E8D75D}.Debug|Any CPU.ActiveCfg = Debug64|Any CPU
		{EFAA8161-69E4-4E91-8C15-591750E8D75D}.Debug|Any CPU.Build.0 = Debug64|Any CPU
		{EFAA8161-69E4-4E91-8C15-591750E8D75D}.Debug|x86.ActiveCfg = Debug32|Any CPU
		{EFAA8161-69E4-4E91-8C15-591750E8D75D}.Debug|x86.Build.0 = Debug32|Any CPU
		{EFAA8161-69E4-4E91-8C15-591750E8D75D}.Debug32|Any CPU.ActiveCfg = Debug32|Any CPU
		{EFAA8161-69E4-4E91-8C15-591750E8D75D}.Debug32|Any CPU.Build.0 = Debug32|Any CPU
		{EFAA8161-69E4-4E91-8C15-591750E8D75D}.Debug32|x86.ActiveCfg = Debug32|Any CPU
		{EFAA8161-69E4-4E91-8C15-591750E8D75D}.Debug32|x86.Build.0 = Debug32|Any CPU
		{EFAA8161-69E4-4E91-8C15-591750E8D75D}.Debug64|Any CPU.ActiveCfg = Debug64|Any CPU
		{EFAA8161-69E4-4E91-8C15-591750E8D75D}.Debug64|Any CPU.Build.0 = Debug64|Any CPU
		{EFAA8161-69E4-4E91-8C15-591750E8D75D}.Debug64|x86.ActiveCfg = Debug64|Any CPU
		{EFAA8161-69E4-4E91-8C15-591750E8D75D}.Debug64|x86.Build.0 = Debug64|Any CPU
		{EFAA8161-69E4-4E91-8C15-591750E8D75D}.Release|Any CPU.ActiveCfg = Release|Any CPU
		{EFAA8161-69E4-4E91-8C15-591750E8D75D}.Release|Any CPU.Build.0 = Release|Any CPU
		{EFAA8161-69E4-4E91-8C15-591750E8D75D}.Release|x86.ActiveCfg = Release|Any CPU
		{EFAA8161-69E4-4E91-8C15-591750E8D75D}.Release|x86.Build.0 = Release|Any CPU
		{7727F6C5-C95A-4C27-8E66-5EE33FA1D333}.Debug|Any CPU.ActiveCfg = Debug|Any CPU
		{7727F6C5-C95A-4C27-8E66-5EE33FA1D333}.Debug|Any CPU.Build.0 = Debug|Any CPU
		{7727F6C5-C95A-4C27-8E66-5EE33FA1D333}.Debug|x86.ActiveCfg = Debug|Any CPU
		{7727F6C5-C95A-4C27-8E66-5EE33FA1D333}.Debug|x86.Build.0 = Debug|Any CPU
		{7727F6C5-C95A-4C27-8E66-5EE33FA1D333}.Debug32|Any CPU.ActiveCfg = Debug|Any CPU
		{7727F6C5-C95A-4C27-8E66-5EE33FA1D333}.Debug32|Any CPU.Build.0 = Debug|Any CPU
		{7727F6C5-C95A-4C27-8E66-5EE33FA1D333}.Debug32|x86.ActiveCfg = Debug|Any CPU
		{7727F6C5-C95A-4C27-8E66-5EE33FA1D333}.Debug32|x86.Build.0 = Debug|Any CPU
		{7727F6C5-C95A-4C27-8E66-5EE33FA1D333}.Debug64|Any CPU.ActiveCfg = Debug|Any CPU
		{7727F6C5-C95A-4C27-8E66-5EE33FA1D333}.Debug64|Any CPU.Build.0 = Debug|Any CPU
		{7727F6C5-C95A-4C27-8E66-5EE33FA1D333}.Debug64|x86.ActiveCfg = Debug|Any CPU
		{7727F6C5-C95A-4C27-8E66-5EE33FA1D333}.Debug64|x86.Build.0 = Debug|Any CPU
		{7727F6C5-C95A-4C27-8E66-5EE33FA1D333}.Release|Any CPU.ActiveCfg = Release|Any CPU
		{7727F6C5-C95A-4C27-8E66-5EE33FA1D333}.Release|Any CPU.Build.0 = Release|Any CPU
		{7727F6C5-C95A-4C27-8E66-5EE33FA1D333}.Release|x86.ActiveCfg = Release|Any CPU
		{7727F6C5-C95A-4C27-8E66-5EE33FA1D333}.Release|x86.Build.0 = Release|Any CPU
		{67D1CDE4-E62F-40B6-8668-99A0A9A31821}.Debug|Any CPU.ActiveCfg = Debug|Any CPU
		{67D1CDE4-E62F-40B6-8668-99A0A9A31821}.Debug|Any CPU.Build.0 = Debug|Any CPU
		{67D1CDE4-E62F-40B6-8668-99A0A9A31821}.Debug|x86.ActiveCfg = Debug|Any CPU
		{67D1CDE4-E62F-40B6-8668-99A0A9A31821}.Debug|x86.Build.0 = Debug|Any CPU
		{67D1CDE4-E62F-40B6-8668-99A0A9A31821}.Debug32|Any CPU.ActiveCfg = Debug|Any CPU
		{67D1CDE4-E62F-40B6-8668-99A0A9A31821}.Debug32|Any CPU.Build.0 = Debug|Any CPU
		{67D1CDE4-E62F-40B6-8668-99A0A9A31821}.Debug32|x86.ActiveCfg = Debug|Any CPU
		{67D1CDE4-E62F-40B6-8668-99A0A9A31821}.Debug32|x86.Build.0 = Debug|Any CPU
		{67D1CDE4-E62F-40B6-8668-99A0A9A31821}.Debug64|Any CPU.ActiveCfg = Debug|Any CPU
		{67D1CDE4-E62F-40B6-8668-99A0A9A31821}.Debug64|Any CPU.Build.0 = Debug|Any CPU
		{67D1CDE4-E62F-40B6-8668-99A0A9A31821}.Debug64|x86.ActiveCfg = Debug|Any CPU
		{67D1CDE4-E62F-40B6-8668-99A0A9A31821}.Debug64|x86.Build.0 = Debug|Any CPU
		{67D1CDE4-E62F-40B6-8668-99A0A9A31821}.Release|Any CPU.ActiveCfg = Release|Any CPU
		{67D1CDE4-E62F-40B6-8668-99A0A9A31821}.Release|Any CPU.Build.0 = Release|Any CPU
		{67D1CDE4-E62F-40B6-8668-99A0A9A31821}.Release|x86.ActiveCfg = Release|Any CPU
		{67D1CDE4-E62F-40B6-8668-99A0A9A31821}.Release|x86.Build.0 = Release|Any CPU
		{785380E0-CEB9-4C34-82E5-60D0E33E848E}.Debug|Any CPU.ActiveCfg = Debug|Any CPU
		{785380E0-CEB9-4C34-82E5-60D0E33E848E}.Debug|Any CPU.Build.0 = Debug|Any CPU
		{785380E0-CEB9-4C34-82E5-60D0E33E848E}.Debug|x86.ActiveCfg = Debug|Any CPU
		{785380E0-CEB9-4C34-82E5-60D0E33E848E}.Debug|x86.Build.0 = Debug|Any CPU
		{785380E0-CEB9-4C34-82E5-60D0E33E848E}.Debug32|Any CPU.ActiveCfg = Debug|Any CPU
		{785380E0-CEB9-4C34-82E5-60D0E33E848E}.Debug32|Any CPU.Build.0 = Debug|Any CPU
		{785380E0-CEB9-4C34-82E5-60D0E33E848E}.Debug32|x86.ActiveCfg = Debug|Any CPU
		{785380E0-CEB9-4C34-82E5-60D0E33E848E}.Debug32|x86.Build.0 = Debug|Any CPU
		{785380E0-CEB9-4C34-82E5-60D0E33E848E}.Debug64|Any CPU.ActiveCfg = Debug|Any CPU
		{785380E0-CEB9-4C34-82E5-60D0E33E848E}.Debug64|Any CPU.Build.0 = Debug|Any CPU
		{785380E0-CEB9-4C34-82E5-60D0E33E848E}.Debug64|x86.ActiveCfg = Debug|Any CPU
		{785380E0-CEB9-4C34-82E5-60D0E33E848E}.Debug64|x86.Build.0 = Debug|Any CPU
		{785380E0-CEB9-4C34-82E5-60D0E33E848E}.Release|Any CPU.ActiveCfg = Release|Any CPU
		{785380E0-CEB9-4C34-82E5-60D0E33E848E}.Release|Any CPU.Build.0 = Release|Any CPU
		{785380E0-CEB9-4C34-82E5-60D0E33E848E}.Release|x86.ActiveCfg = Release|Any CPU
		{785380E0-CEB9-4C34-82E5-60D0E33E848E}.Release|x86.Build.0 = Release|Any CPU
		{99493741-F3E3-452E-9626-9192440E80E0}.Debug|Any CPU.ActiveCfg = Debug|x86
		{99493741-F3E3-452E-9626-9192440E80E0}.Debug|Any CPU.Build.0 = Debug|x86
		{99493741-F3E3-452E-9626-9192440E80E0}.Debug|x86.ActiveCfg = Debug|x86
		{99493741-F3E3-452E-9626-9192440E80E0}.Debug|x86.Build.0 = Debug|x86
		{99493741-F3E3-452E-9626-9192440E80E0}.Debug32|Any CPU.ActiveCfg = Debug|x86
		{99493741-F3E3-452E-9626-9192440E80E0}.Debug32|Any CPU.Build.0 = Debug|x86
		{99493741-F3E3-452E-9626-9192440E80E0}.Debug32|x86.ActiveCfg = Debug|x86
		{99493741-F3E3-452E-9626-9192440E80E0}.Debug32|x86.Build.0 = Debug|x86
		{99493741-F3E3-452E-9626-9192440E80E0}.Debug64|Any CPU.ActiveCfg = Debug|x86
		{99493741-F3E3-452E-9626-9192440E80E0}.Debug64|Any CPU.Build.0 = Debug|x86
		{99493741-F3E3-452E-9626-9192440E80E0}.Debug64|x86.ActiveCfg = Debug|x86
		{99493741-F3E3-452E-9626-9192440E80E0}.Debug64|x86.Build.0 = Debug|x86
		{99493741-F3E3-452E-9626-9192440E80E0}.Release|Any CPU.ActiveCfg = Release|x86
		{99493741-F3E3-452E-9626-9192440E80E0}.Release|Any CPU.Build.0 = Release|x86
		{99493741-F3E3-452E-9626-9192440E80E0}.Release|x86.ActiveCfg = Release|x86
		{99493741-F3E3-452E-9626-9192440E80E0}.Release|x86.Build.0 = Release|x86
		{3CBC6918-9CD5-4CE9-821F-2B912E26DCC4}.Debug|Any CPU.ActiveCfg = Debug|Any CPU
		{3CBC6918-9CD5-4CE9-821F-2B912E26DCC4}.Debug|Any CPU.Build.0 = Debug|Any CPU
		{3CBC6918-9CD5-4CE9-821F-2B912E26DCC4}.Debug|x86.ActiveCfg = Debug|Any CPU
		{3CBC6918-9CD5-4CE9-821F-2B912E26DCC4}.Debug|x86.Build.0 = Debug|Any CPU
		{3CBC6918-9CD5-4CE9-821F-2B912E26DCC4}.Debug32|Any CPU.ActiveCfg = Debug|Any CPU
		{3CBC6918-9CD5-4CE9-821F-2B912E26DCC4}.Debug32|Any CPU.Build.0 = Debug|Any CPU
		{3CBC6918-9CD5-4CE9-821F-2B912E26DCC4}.Debug32|x86.ActiveCfg = Debug|Any CPU
		{3CBC6918-9CD5-4CE9-821F-2B912E26DCC4}.Debug32|x86.Build.0 = Debug|Any CPU
		{3CBC6918-9CD5-4CE9-821F-2B912E26DCC4}.Debug64|Any CPU.ActiveCfg = Debug|Any CPU
		{3CBC6918-9CD5-4CE9-821F-2B912E26DCC4}.Debug64|Any CPU.Build.0 = Debug|Any CPU
		{3CBC6918-9CD5-4CE9-821F-2B912E26DCC4}.Debug64|x86.ActiveCfg = Debug|Any CPU
		{3CBC6918-9CD5-4CE9-821F-2B912E26DCC4}.Debug64|x86.Build.0 = Debug|Any CPU
		{3CBC6918-9CD5-4CE9-821F-2B912E26DCC4}.Release|Any CPU.ActiveCfg = Release|Any CPU
		{3CBC6918-9CD5-4CE9-821F-2B912E26DCC4}.Release|Any CPU.Build.0 = Release|Any CPU
		{3CBC6918-9CD5-4CE9-821F-2B912E26DCC4}.Release|x86.ActiveCfg = Release|Any CPU
		{3CBC6918-9CD5-4CE9-821F-2B912E26DCC4}.Release|x86.Build.0 = Release|Any CPU
		{A744DD16-A7BB-45B9-B53D-365AEA33D1F4}.Debug|Any CPU.ActiveCfg = Debug|Any CPU
		{A744DD16-A7BB-45B9-B53D-365AEA33D1F4}.Debug|Any CPU.Build.0 = Debug|Any CPU
		{A744DD16-A7BB-45B9-B53D-365AEA33D1F4}.Debug|x86.ActiveCfg = Debug|Any CPU
		{A744DD16-A7BB-45B9-B53D-365AEA33D1F4}.Debug|x86.Build.0 = Debug|Any CPU
		{A744DD16-A7BB-45B9-B53D-365AEA33D1F4}.Debug32|Any CPU.ActiveCfg = Debug|Any CPU
		{A744DD16-A7BB-45B9-B53D-365AEA33D1F4}.Debug32|Any CPU.Build.0 = Debug|Any CPU
		{A744DD16-A7BB-45B9-B53D-365AEA33D1F4}.Debug32|x86.ActiveCfg = Debug|Any CPU
		{A744DD16-A7BB-45B9-B53D-365AEA33D1F4}.Debug32|x86.Build.0 = Debug|Any CPU
		{A744DD16-A7BB-45B9-B53D-365AEA33D1F4}.Debug64|Any CPU.ActiveCfg = Debug|Any CPU
		{A744DD16-A7BB-45B9-B53D-365AEA33D1F4}.Debug64|Any CPU.Build.0 = Debug|Any CPU
		{A744DD16-A7BB-45B9-B53D-365AEA33D1F4}.Debug64|x86.ActiveCfg = Debug|Any CPU
		{A744DD16-A7BB-45B9-B53D-365AEA33D1F4}.Debug64|x86.Build.0 = Debug|Any CPU
		{A744DD16-A7BB-45B9-B53D-365AEA33D1F4}.Release|Any CPU.ActiveCfg = Release|Any CPU
		{A744DD16-A7BB-45B9-B53D-365AEA33D1F4}.Release|Any CPU.Build.0 = Release|Any CPU
		{A744DD16-A7BB-45B9-B53D-365AEA33D1F4}.Release|x86.ActiveCfg = Release|Any CPU
		{A744DD16-A7BB-45B9-B53D-365AEA33D1F4}.Release|x86.Build.0 = Release|Any CPU
		{88B27C90-4C97-43D5-99D2-E1437DA8D154}.Debug|Any CPU.ActiveCfg = Debug|Any CPU
		{88B27C90-4C97-43D5-99D2-E1437DA8D154}.Debug|Any CPU.Build.0 = Debug|Any CPU
		{88B27C90-4C97-43D5-99D2-E1437DA8D154}.Debug|x86.ActiveCfg = Debug|Any CPU
		{88B27C90-4C97-43D5-99D2-E1437DA8D154}.Debug|x86.Build.0 = Debug|Any CPU
		{88B27C90-4C97-43D5-99D2-E1437DA8D154}.Debug32|Any CPU.ActiveCfg = Debug|Any CPU
		{88B27C90-4C97-43D5-99D2-E1437DA8D154}.Debug32|Any CPU.Build.0 = Debug|Any CPU
		{88B27C90-4C97-43D5-99D2-E1437DA8D154}.Debug32|x86.ActiveCfg = Debug|Any CPU
		{88B27C90-4C97-43D5-99D2-E1437DA8D154}.Debug32|x86.Build.0 = Debug|Any CPU
		{88B27C90-4C97-43D5-99D2-E1437DA8D154}.Debug64|Any CPU.ActiveCfg = Debug|Any CPU
		{88B27C90-4C97-43D5-99D2-E1437DA8D154}.Debug64|Any CPU.Build.0 = Debug|Any CPU
		{88B27C90-4C97-43D5-99D2-E1437DA8D154}.Debug64|x86.ActiveCfg = Debug|Any CPU
		{88B27C90-4C97-43D5-99D2-E1437DA8D154}.Debug64|x86.Build.0 = Debug|Any CPU
		{88B27C90-4C97-43D5-99D2-E1437DA8D154}.Release|Any CPU.ActiveCfg = Release|Any CPU
		{88B27C90-4C97-43D5-99D2-E1437DA8D154}.Release|Any CPU.Build.0 = Release|Any CPU
		{88B27C90-4C97-43D5-99D2-E1437DA8D154}.Release|x86.ActiveCfg = Release|Any CPU
		{88B27C90-4C97-43D5-99D2-E1437DA8D154}.Release|x86.Build.0 = Release|Any CPU
		{AA4D9383-FC04-4C03-BB4C-6B780B5E7C2B}.Debug|Any CPU.ActiveCfg = Debug|Any CPU
		{AA4D9383-FC04-4C03-BB4C-6B780B5E7C2B}.Debug|Any CPU.Build.0 = Debug|Any CPU
		{AA4D9383-FC04-4C03-BB4C-6B780B5E7C2B}.Debug|x86.ActiveCfg = Debug|Any CPU
		{AA4D9383-FC04-4C03-BB4C-6B780B5E7C2B}.Debug|x86.Build.0 = Debug|Any CPU
		{AA4D9383-FC04-4C03-BB4C-6B780B5E7C2B}.Debug32|Any CPU.ActiveCfg = Debug|Any CPU
		{AA4D9383-FC04-4C03-BB4C-6B780B5E7C2B}.Debug32|Any CPU.Build.0 = Debug|Any CPU
		{AA4D9383-FC04-4C03-BB4C-6B780B5E7C2B}.Debug32|x86.ActiveCfg = Debug|Any CPU
		{AA4D9383-FC04-4C03-BB4C-6B780B5E7C2B}.Debug32|x86.Build.0 = Debug|Any CPU
		{AA4D9383-FC04-4C03-BB4C-6B780B5E7C2B}.Debug64|Any CPU.ActiveCfg = Debug|Any CPU
		{AA4D9383-FC04-4C03-BB4C-6B780B5E7C2B}.Debug64|Any CPU.Build.0 = Debug|Any CPU
		{AA4D9383-FC04-4C03-BB4C-6B780B5E7C2B}.Debug64|x86.ActiveCfg = Debug|Any CPU
		{AA4D9383-FC04-4C03-BB4C-6B780B5E7C2B}.Debug64|x86.Build.0 = Debug|Any CPU
		{AA4D9383-FC04-4C03-BB4C-6B780B5E7C2B}.Release|Any CPU.ActiveCfg = Release|Any CPU
		{AA4D9383-FC04-4C03-BB4C-6B780B5E7C2B}.Release|Any CPU.Build.0 = Release|Any CPU
		{AA4D9383-FC04-4C03-BB4C-6B780B5E7C2B}.Release|x86.ActiveCfg = Release|Any CPU
		{AA4D9383-FC04-4C03-BB4C-6B780B5E7C2B}.Release|x86.Build.0 = Release|Any CPU
		{43D31D02-96E7-41F0-8D60-2E0B2F9A6BC9}.Debug|Any CPU.ActiveCfg = Debug64|Any CPU
		{43D31D02-96E7-41F0-8D60-2E0B2F9A6BC9}.Debug|Any CPU.Build.0 = Debug64|Any CPU
		{43D31D02-96E7-41F0-8D60-2E0B2F9A6BC9}.Debug|x86.ActiveCfg = Debug64|Any CPU
		{43D31D02-96E7-41F0-8D60-2E0B2F9A6BC9}.Debug|x86.Build.0 = Debug64|Any CPU
		{43D31D02-96E7-41F0-8D60-2E0B2F9A6BC9}.Debug32|Any CPU.ActiveCfg = Debug64|Any CPU
		{43D31D02-96E7-41F0-8D60-2E0B2F9A6BC9}.Debug32|Any CPU.Build.0 = Debug64|Any CPU
		{43D31D02-96E7-41F0-8D60-2E0B2F9A6BC9}.Debug32|x86.ActiveCfg = Debug64|Any CPU
		{43D31D02-96E7-41F0-8D60-2E0B2F9A6BC9}.Debug32|x86.Build.0 = Debug64|Any CPU
		{43D31D02-96E7-41F0-8D60-2E0B2F9A6BC9}.Debug64|Any CPU.ActiveCfg = Debug64|Any CPU
		{43D31D02-96E7-41F0-8D60-2E0B2F9A6BC9}.Debug64|Any CPU.Build.0 = Debug64|Any CPU
		{43D31D02-96E7-41F0-8D60-2E0B2F9A6BC9}.Debug64|x86.ActiveCfg = Debug64|Any CPU
		{43D31D02-96E7-41F0-8D60-2E0B2F9A6BC9}.Debug64|x86.Build.0 = Debug64|Any CPU
		{43D31D02-96E7-41F0-8D60-2E0B2F9A6BC9}.Release|Any CPU.ActiveCfg = Release|Any CPU
		{43D31D02-96E7-41F0-8D60-2E0B2F9A6BC9}.Release|Any CPU.Build.0 = Release|Any CPU
		{43D31D02-96E7-41F0-8D60-2E0B2F9A6BC9}.Release|x86.ActiveCfg = Release|Any CPU
		{43D31D02-96E7-41F0-8D60-2E0B2F9A6BC9}.Release|x86.Build.0 = Release|Any CPU
		{49C872E5-59BF-4A41-9565-944BCD1DAA67}.Debug|Any CPU.ActiveCfg = Debug64|Any CPU
		{49C872E5-59BF-4A41-9565-944BCD1DAA67}.Debug|Any CPU.Build.0 = Debug64|Any CPU
		{49C872E5-59BF-4A41-9565-944BCD1DAA67}.Debug|x86.ActiveCfg = Debug64|Any CPU
		{49C872E5-59BF-4A41-9565-944BCD1DAA67}.Debug|x86.Build.0 = Debug64|Any CPU
		{49C872E5-59BF-4A41-9565-944BCD1DAA67}.Debug32|Any CPU.ActiveCfg = Debug64|Any CPU
		{49C872E5-59BF-4A41-9565-944BCD1DAA67}.Debug32|Any CPU.Build.0 = Debug64|Any CPU
		{49C872E5-59BF-4A41-9565-944BCD1DAA67}.Debug32|x86.ActiveCfg = Debug64|Any CPU
		{49C872E5-59BF-4A41-9565-944BCD1DAA67}.Debug32|x86.Build.0 = Debug64|Any CPU
		{49C872E5-59BF-4A41-9565-944BCD1DAA67}.Debug64|Any CPU.ActiveCfg = Debug64|Any CPU
		{49C872E5-59BF-4A41-9565-944BCD1DAA67}.Debug64|Any CPU.Build.0 = Debug64|Any CPU
		{49C872E5-59BF-4A41-9565-944BCD1DAA67}.Debug64|x86.ActiveCfg = Debug64|Any CPU
		{49C872E5-59BF-4A41-9565-944BCD1DAA67}.Debug64|x86.Build.0 = Debug64|Any CPU
		{49C872E5-59BF-4A41-9565-944BCD1DAA67}.Release|Any CPU.ActiveCfg = Release|Any CPU
		{49C872E5-59BF-4A41-9565-944BCD1DAA67}.Release|Any CPU.Build.0 = Release|Any CPU
		{49C872E5-59BF-4A41-9565-944BCD1DAA67}.Release|x86.ActiveCfg = Release|Any CPU
		{49C872E5-59BF-4A41-9565-944BCD1DAA67}.Release|x86.Build.0 = Release|Any CPU
		{309A4483-F080-4C94-BBBA-4C6BACA5ADA7}.Debug|Any CPU.ActiveCfg = Debug|Any CPU
		{309A4483-F080-4C94-BBBA-4C6BACA5ADA7}.Debug|Any CPU.Build.0 = Debug|Any CPU
		{309A4483-F080-4C94-BBBA-4C6BACA5ADA7}.Debug|x86.ActiveCfg = Debug|Any CPU
		{309A4483-F080-4C94-BBBA-4C6BACA5ADA7}.Debug|x86.Build.0 = Debug|Any CPU
		{309A4483-F080-4C94-BBBA-4C6BACA5ADA7}.Debug32|Any CPU.ActiveCfg = Debug|Any CPU
		{309A4483-F080-4C94-BBBA-4C6BACA5ADA7}.Debug32|Any CPU.Build.0 = Debug|Any CPU
		{309A4483-F080-4C94-BBBA-4C6BACA5ADA7}.Debug32|x86.ActiveCfg = Debug|Any CPU
		{309A4483-F080-4C94-BBBA-4C6BACA5ADA7}.Debug32|x86.Build.0 = Debug|Any CPU
		{309A4483-F080-4C94-BBBA-4C6BACA5ADA7}.Debug64|Any CPU.ActiveCfg = Debug|Any CPU
		{309A4483-F080-4C94-BBBA-4C6BACA5ADA7}.Debug64|Any CPU.Build.0 = Debug|Any CPU
		{309A4483-F080-4C94-BBBA-4C6BACA5ADA7}.Debug64|x86.ActiveCfg = Debug|Any CPU
		{309A4483-F080-4C94-BBBA-4C6BACA5ADA7}.Debug64|x86.Build.0 = Debug|Any CPU
		{309A4483-F080-4C94-BBBA-4C6BACA5ADA7}.Release|Any CPU.ActiveCfg = Release|Any CPU
		{309A4483-F080-4C94-BBBA-4C6BACA5ADA7}.Release|Any CPU.Build.0 = Release|Any CPU
		{309A4483-F080-4C94-BBBA-4C6BACA5ADA7}.Release|x86.ActiveCfg = Release|Any CPU
		{309A4483-F080-4C94-BBBA-4C6BACA5ADA7}.Release|x86.Build.0 = Release|Any CPU
		{4A3A6AC5-1A5C-4A10-92A4-21CEFC5A7416}.Debug|Any CPU.ActiveCfg = Debug64|Any CPU
		{4A3A6AC5-1A5C-4A10-92A4-21CEFC5A7416}.Debug|Any CPU.Build.0 = Debug64|Any CPU
		{4A3A6AC5-1A5C-4A10-92A4-21CEFC5A7416}.Debug|x86.ActiveCfg = Debug64|Any CPU
		{4A3A6AC5-1A5C-4A10-92A4-21CEFC5A7416}.Debug|x86.Build.0 = Debug64|Any CPU
		{4A3A6AC5-1A5C-4A10-92A4-21CEFC5A7416}.Debug32|Any CPU.ActiveCfg = Debug64|Any CPU
		{4A3A6AC5-1A5C-4A10-92A4-21CEFC5A7416}.Debug32|Any CPU.Build.0 = Debug64|Any CPU
		{4A3A6AC5-1A5C-4A10-92A4-21CEFC5A7416}.Debug32|x86.ActiveCfg = Debug64|Any CPU
		{4A3A6AC5-1A5C-4A10-92A4-21CEFC5A7416}.Debug32|x86.Build.0 = Debug64|Any CPU
		{4A3A6AC5-1A5C-4A10-92A4-21CEFC5A7416}.Debug64|Any CPU.ActiveCfg = Debug64|Any CPU
		{4A3A6AC5-1A5C-4A10-92A4-21CEFC5A7416}.Debug64|Any CPU.Build.0 = Debug64|Any CPU
		{4A3A6AC5-1A5C-4A10-92A4-21CEFC5A7416}.Debug64|x86.ActiveCfg = Debug64|Any CPU
		{4A3A6AC5-1A5C-4A10-92A4-21CEFC5A7416}.Debug64|x86.Build.0 = Debug64|Any CPU
		{4A3A6AC5-1A5C-4A10-92A4-21CEFC5A7416}.Release|Any CPU.ActiveCfg = Release|Any CPU
		{4A3A6AC5-1A5C-4A10-92A4-21CEFC5A7416}.Release|Any CPU.Build.0 = Release|Any CPU
		{4A3A6AC5-1A5C-4A10-92A4-21CEFC5A7416}.Release|x86.ActiveCfg = Release|Any CPU
		{4A3A6AC5-1A5C-4A10-92A4-21CEFC5A7416}.Release|x86.Build.0 = Release|Any CPU
	EndGlobalSection
	GlobalSection(SolutionProperties) = preSolution
		HideSolutionNode = FALSE
	EndGlobalSection
	GlobalSection(ExtensibilityGlobals) = postSolution
		SolutionGuid = {5C58C199-B0BE-4E97-932E-F1E791782E5A}
	EndGlobalSection
EndGlobal
